
Microsoft Visual Studio Solution File, Format Version 12.00
# Visual Studio Version 17
VisualStudioVersion = 17.11.35208.52
MinimumVisualStudioVersion = 10.0.40219.1
Project("{8BC9CEB8-8B4A-11D0-8D11-00A0C91BC942}") = "003_if", "003_if\003_if.vcxproj", "{F4A8D46D-7081-4BE5-AE9F-4A4F7B9ACA96}"
EndProject
Project("{8BC9CEB8-8B4A-11D0-8D11-00A0C91BC942}") = "005_while", "005_while\005_while.vcxproj", "{B7C9F622-5EF4-45DF-9AF7-9C6765188E06}"
EndProject
Project("{8BC9CEB8-8B4A-11D0-8D11-00A0C91BC942}") = "002_number", "002_number\002_number.vcxproj", "{58540654-5DA4-4E97-AA20-BF7C5F1E46D3}"
EndProject
Project("{8BC9CEB8-8B4A-11D0-8D11-00A0C91BC942}") = "006_printf_format_1", "006_printf_format_1\006_printf_format_1.vcxproj", "{7F0F9BA4-1FC5-4802-A5EC-E54DD021F214}"
EndProject
Project("{8BC9CEB8-8B4A-11D0-8D11-00A0C91BC942}") = "007_define_1", "007_define_1\007_define_1.vcxproj", "{FCF3E2EA-E798-4BD1-A5E7-C9C7BE5816E7}"
EndProject
Project("{8BC9CEB8-8B4A-11D0-8D11-00A0C91BC942}") = "007_define_2", "007_define_2\007_define_2.vcxproj", "{EFBF68CE-709C-4F6F-83A8-CA9A34813B17}"
EndProject
Project("{8BC9CEB8-8B4A-11D0-8D11-00A0C91BC942}") = "007_define_3", "007_define_3\007_define_3.vcxproj", "{59412534-D8F5-4954-AAC0-9B9D308CBFC5}"
EndProject
Project("{8BC9CEB8-8B4A-11D0-8D11-00A0C91BC942}") = "007_define_sizeof", "007_define_sizeof\007_define_sizeof.vcxproj", "{0DC3F25E-2537-4E65-B605-92243C840F4B}"
EndProject
Project("{8BC9CEB8-8B4A-11D0-8D11-00A0C91BC942}") = "008_stdint", "008_stdint\008_stdint.vcxproj", "{7FE51573-F00F-4B92-B3AF-D0F9D2CEA9D0}"
EndProject
Project("{8BC9CEB8-8B4A-11D0-8D11-00A0C91BC942}") = "008_set_max", "008_set_max\008_set_max.vcxproj", "{121DA54C-9B91-4D7B-A241-A2769E71EC67}"
EndProject
Project("{8BC9CEB8-8B4A-11D0-8D11-00A0C91BC942}") = "008_change_format", "008_change_format\008_change_format.vcxproj", "{FABE4258-2167-45A0-A5AC-B0DA057F9BED}"
EndProject
Project("{8BC9CEB8-8B4A-11D0-8D11-00A0C91BC942}") = "009_printf_inttypes", "009_printf_inttypes\009_printf_inttypes.vcxproj", "{562F65DC-2A78-4A10-B22E-066CF114CCE9}"
EndProject
Project("{8BC9CEB8-8B4A-11D0-8D11-00A0C91BC942}") = "008_define_least_fast", "008_define_least_fast\008_define_least_fast.vcxproj", "{7B1009A1-025B-4A3C-B176-613CF9D2298C}"
EndProject
Project("{8BC9CEB8-8B4A-11D0-8D11-00A0C91BC942}") = "010_float_information", "010_float_information\010_float_information.vcxproj", "{297FD2A2-5FA6-474D-9F49-2DDE242583F8}"
EndProject
Project("{8BC9CEB8-8B4A-11D0-8D11-00A0C91BC942}") = "004_for", "004_for\004_for.vcxproj", "{82EFD5A7-9BEE-40F3-8CFF-9253F4439433}"
EndProject
Project("{8BC9CEB8-8B4A-11D0-8D11-00A0C91BC942}") = "010_float_define", "010_float_define\010_float_define.vcxproj", "{93ABE899-585C-483B-9F1A-55AA1A16597C}"
EndProject
Project("{8BC9CEB8-8B4A-11D0-8D11-00A0C91BC942}") = "006_printf_format_2", "006_printf_format_2\006_printf_format_2.vcxproj", "{63F1BFC5-AE3B-4550-9076-DA1DE389220E}"
EndProject
Project("{8BC9CEB8-8B4A-11D0-8D11-00A0C91BC942}") = "010_float_printf_fomat", "010_float_printf_fomat\010_float_printf_fomat.vcxproj", "{EA24719E-0C3A-4194-B514-1E26EF86FE35}"
EndProject
Project("{8BC9CEB8-8B4A-11D0-8D11-00A0C91BC942}") = "000_head_file", "000_head_file\000_head_file.vcxproj", "{28F1B117-B572-4FA5-B505-44087ADF1ADC}"
EndProject
Project("{8BC9CEB8-8B4A-11D0-8D11-00A0C91BC942}") = "010_float_flow", "010_float_flow\010_float_flow.vcxproj", "{54C11F70-02DE-4DA9-BE9D-D68A02250D04}"
EndProject
Project("{8BC9CEB8-8B4A-11D0-8D11-00A0C91BC942}") = "011_inf_nan", "011_inf_nan\011_inf_nan.vcxproj", "{2DCBC690-1803-43BD-AF72-80773862CD41}"
EndProject
Project("{8BC9CEB8-8B4A-11D0-8D11-00A0C91BC942}") = "012_round_to_number", "012_round_to_number\012_round_to_number.vcxproj", "{8A139BEF-FC41-46D9-9441-BCC1292C3B58}"
EndProject
Project("{8BC9CEB8-8B4A-11D0-8D11-00A0C91BC942}") = "013_double", "013_double\013_double.vcxproj", "{12FBCC5A-56AB-4C90-A014-9E2135F1E632}"
EndProject
Project("{8BC9CEB8-8B4A-11D0-8D11-00A0C91BC942}") = "014_compare_double_float", "014_compare_double_float\014_compare_double_float.vcxproj", "{8F88F230-AC6D-4401-B6CB-A4E9C8FAC89E}"
EndProject
Project("{8BC9CEB8-8B4A-11D0-8D11-00A0C91BC942}") = "001_Hallo_world", "001_Hallo_world\001_Hallo_world.vcxproj", "{F3443A0B-CD2E-46D2-8DD7-3BA0D195C1F2}"
EndProject
Project("{8BC9CEB8-8B4A-11D0-8D11-00A0C91BC942}") = "016_char", "016_char\016_char.vcxproj", "{C2110D4E-05C4-4654-AE03-8649CCA0E7BA}"
EndProject
Project("{8BC9CEB8-8B4A-11D0-8D11-00A0C91BC942}") = "017_escape_sequence", "017_escape_sequence\017_escape_sequence.vcxproj", "{03F5E195-8C84-4513-89D1-EAB4D7EF7F0A}"
EndProject
Project("{8BC9CEB8-8B4A-11D0-8D11-00A0C91BC942}") = "018_bool", "018_bool\018_bool.vcxproj", "{E0F30A75-BFB3-4547-8A75-094B49106D87}"
EndProject
Project("{8BC9CEB8-8B4A-11D0-8D11-00A0C91BC942}") = "016_unsigned_char", "016_unsigned_char\016_unsigned_char.vcxproj", "{02F23428-0916-48BC-81C9-007AF33AD91A}"
EndProject
Project("{8BC9CEB8-8B4A-11D0-8D11-00A0C91BC942}") = "019_const", "019_const\019_const.vcxproj", "{D3247415-A521-4B7A-86B9-20A93FFA6058}"
EndProject
Project("{8BC9CEB8-8B4A-11D0-8D11-00A0C91BC942}") = "020_1_assign", "020_1_assign\020_1_assign.vcxproj", "{6D9AF799-4B9D-411F-A26B-A2A499A35F04}"
EndProject
Project("{8BC9CEB8-8B4A-11D0-8D11-00A0C91BC942}") = "020_1_assign_again", "020_1_assign_again\020_1_assign_again.vcxproj", "{C88E16E7-B7D9-4A33-913A-C4C4B7A5FC27}"
EndProject
Project("{8BC9CEB8-8B4A-11D0-8D11-00A0C91BC942}") = "020_2_four_operations", "020_2_four_operations\020_2_four_operations.vcxproj", "{61D46370-BE58-4B07-9FCE-871BB8D710C8}"
EndProject
Project("{8BC9CEB8-8B4A-11D0-8D11-00A0C91BC942}") = "020_3_dual", "020_3_dual\020_3_dual.vcxproj", "{5C2AA3B8-C275-4927-8DF6-2F57BDF32067}"
EndProject
Project("{8BC9CEB8-8B4A-11D0-8D11-00A0C91BC942}") = "020_4_suffix_prefix", "020_4_suffix_prefix\020_4_suffix_prefix.vcxproj", "{D9A2A71B-28C0-42F4-A98F-7CF12D7CAEEE}"
EndProject
Project("{8BC9CEB8-8B4A-11D0-8D11-00A0C91BC942}") = "020_5_displacement", "020_5_displacement\020_5_displacement.vcxproj", "{B2C987DA-219C-473B-A601-1A2F7544DB50}"
EndProject
Project("{8BC9CEB8-8B4A-11D0-8D11-00A0C91BC942}") = "020_6_compare", "020_6_compare\020_6_compare.vcxproj", "{A51B33BA-0A96-4262-BE00-9BBEFE489352}"
EndProject
Project("{8BC9CEB8-8B4A-11D0-8D11-00A0C91BC942}") = "020_7_compare_ternary", "020_7_compare_ternary\020_7_compare_ternary.vcxproj", "{B3D2033B-AC1A-471B-B17D-4364C2292AEF}"
EndProject
Project("{8BC9CEB8-8B4A-11D0-8D11-00A0C91BC942}") = "020_8_1_and", "020_8_1_and\020_8_1_and.vcxproj", "{E57D7091-EAEE-49CE-8A0A-66E2580E4942}"
EndProject
Project("{8BC9CEB8-8B4A-11D0-8D11-00A0C91BC942}") = "020_8_2_or", "020_8_2_or\020_8_2_or.vcxproj", "{1F8D6A12-4E5C-4842-978B-7A4A267D4487}"
EndProject
Project("{8BC9CEB8-8B4A-11D0-8D11-00A0C91BC942}") = "020_8_3_nor", "020_8_3_nor\020_8_3_nor.vcxproj", "{2442A126-27FA-46F1-A966-C2235A8EE81D}"
EndProject
Project("{8BC9CEB8-8B4A-11D0-8D11-00A0C91BC942}") = "020_8_4_negation", "020_8_4_negation\020_8_4_negation.vcxproj", "{D80FF880-FE53-423C-9971-FF379A7CA7BC}"
EndProject
Global
	GlobalSection(SolutionConfigurationPlatforms) = preSolution
		Debug|x64 = Debug|x64
		Debug|x86 = Debug|x86
		Release|x64 = Release|x64
		Release|x86 = Release|x86
	EndGlobalSection
	GlobalSection(ProjectConfigurationPlatforms) = postSolution
		{F4A8D46D-7081-4BE5-AE9F-4A4F7B9ACA96}.Debug|x64.ActiveCfg = Debug|x64
		{F4A8D46D-7081-4BE5-AE9F-4A4F7B9ACA96}.Debug|x64.Build.0 = Debug|x64
		{F4A8D46D-7081-4BE5-AE9F-4A4F7B9ACA96}.Debug|x86.ActiveCfg = Debug|Win32
		{F4A8D46D-7081-4BE5-AE9F-4A4F7B9ACA96}.Debug|x86.Build.0 = Debug|Win32
		{F4A8D46D-7081-4BE5-AE9F-4A4F7B9ACA96}.Release|x64.ActiveCfg = Release|x64
		{F4A8D46D-7081-4BE5-AE9F-4A4F7B9ACA96}.Release|x64.Build.0 = Release|x64
		{F4A8D46D-7081-4BE5-AE9F-4A4F7B9ACA96}.Release|x86.ActiveCfg = Release|Win32
		{F4A8D46D-7081-4BE5-AE9F-4A4F7B9ACA96}.Release|x86.Build.0 = Release|Win32
		{B7C9F622-5EF4-45DF-9AF7-9C6765188E06}.Debug|x64.ActiveCfg = Debug|x64
		{B7C9F622-5EF4-45DF-9AF7-9C6765188E06}.Debug|x64.Build.0 = Debug|x64
		{B7C9F622-5EF4-45DF-9AF7-9C6765188E06}.Debug|x86.ActiveCfg = Debug|Win32
		{B7C9F622-5EF4-45DF-9AF7-9C6765188E06}.Debug|x86.Build.0 = Debug|Win32
		{B7C9F622-5EF4-45DF-9AF7-9C6765188E06}.Release|x64.ActiveCfg = Release|x64
		{B7C9F622-5EF4-45DF-9AF7-9C6765188E06}.Release|x64.Build.0 = Release|x64
		{B7C9F622-5EF4-45DF-9AF7-9C6765188E06}.Release|x86.ActiveCfg = Release|Win32
		{B7C9F622-5EF4-45DF-9AF7-9C6765188E06}.Release|x86.Build.0 = Release|Win32
		{58540654-5DA4-4E97-AA20-BF7C5F1E46D3}.Debug|x64.ActiveCfg = Debug|x64
		{58540654-5DA4-4E97-AA20-BF7C5F1E46D3}.Debug|x64.Build.0 = Debug|x64
		{58540654-5DA4-4E97-AA20-BF7C5F1E46D3}.Debug|x86.ActiveCfg = Debug|Win32
		{58540654-5DA4-4E97-AA20-BF7C5F1E46D3}.Debug|x86.Build.0 = Debug|Win32
		{58540654-5DA4-4E97-AA20-BF7C5F1E46D3}.Release|x64.ActiveCfg = Release|x64
		{58540654-5DA4-4E97-AA20-BF7C5F1E46D3}.Release|x64.Build.0 = Release|x64
		{58540654-5DA4-4E97-AA20-BF7C5F1E46D3}.Release|x86.ActiveCfg = Release|Win32
		{58540654-5DA4-4E97-AA20-BF7C5F1E46D3}.Release|x86.Build.0 = Release|Win32
		{7F0F9BA4-1FC5-4802-A5EC-E54DD021F214}.Debug|x64.ActiveCfg = Debug|x64
		{7F0F9BA4-1FC5-4802-A5EC-E54DD021F214}.Debug|x64.Build.0 = Debug|x64
		{7F0F9BA4-1FC5-4802-A5EC-E54DD021F214}.Debug|x86.ActiveCfg = Debug|Win32
		{7F0F9BA4-1FC5-4802-A5EC-E54DD021F214}.Debug|x86.Build.0 = Debug|Win32
		{7F0F9BA4-1FC5-4802-A5EC-E54DD021F214}.Release|x64.ActiveCfg = Release|x64
		{7F0F9BA4-1FC5-4802-A5EC-E54DD021F214}.Release|x64.Build.0 = Release|x64
		{7F0F9BA4-1FC5-4802-A5EC-E54DD021F214}.Release|x86.ActiveCfg = Release|Win32
		{7F0F9BA4-1FC5-4802-A5EC-E54DD021F214}.Release|x86.Build.0 = Release|Win32
		{FCF3E2EA-E798-4BD1-A5E7-C9C7BE5816E7}.Debug|x64.ActiveCfg = Debug|x64
		{FCF3E2EA-E798-4BD1-A5E7-C9C7BE5816E7}.Debug|x64.Build.0 = Debug|x64
		{FCF3E2EA-E798-4BD1-A5E7-C9C7BE5816E7}.Debug|x86.ActiveCfg = Debug|Win32
		{FCF3E2EA-E798-4BD1-A5E7-C9C7BE5816E7}.Debug|x86.Build.0 = Debug|Win32
		{FCF3E2EA-E798-4BD1-A5E7-C9C7BE5816E7}.Release|x64.ActiveCfg = Release|x64
		{FCF3E2EA-E798-4BD1-A5E7-C9C7BE5816E7}.Release|x64.Build.0 = Release|x64
		{FCF3E2EA-E798-4BD1-A5E7-C9C7BE5816E7}.Release|x86.ActiveCfg = Release|Win32
		{FCF3E2EA-E798-4BD1-A5E7-C9C7BE5816E7}.Release|x86.Build.0 = Release|Win32
		{EFBF68CE-709C-4F6F-83A8-CA9A34813B17}.Debug|x64.ActiveCfg = Debug|x64
		{EFBF68CE-709C-4F6F-83A8-CA9A34813B17}.Debug|x64.Build.0 = Debug|x64
		{EFBF68CE-709C-4F6F-83A8-CA9A34813B17}.Debug|x86.ActiveCfg = Debug|Win32
		{EFBF68CE-709C-4F6F-83A8-CA9A34813B17}.Debug|x86.Build.0 = Debug|Win32
		{EFBF68CE-709C-4F6F-83A8-CA9A34813B17}.Release|x64.ActiveCfg = Release|x64
		{EFBF68CE-709C-4F6F-83A8-CA9A34813B17}.Release|x64.Build.0 = Release|x64
		{EFBF68CE-709C-4F6F-83A8-CA9A34813B17}.Release|x86.ActiveCfg = Release|Win32
		{EFBF68CE-709C-4F6F-83A8-CA9A34813B17}.Release|x86.Build.0 = Release|Win32
		{59412534-D8F5-4954-AAC0-9B9D308CBFC5}.Debug|x64.ActiveCfg = Debug|x64
		{59412534-D8F5-4954-AAC0-9B9D308CBFC5}.Debug|x64.Build.0 = Debug|x64
		{59412534-D8F5-4954-AAC0-9B9D308CBFC5}.Debug|x86.ActiveCfg = Debug|Win32
		{59412534-D8F5-4954-AAC0-9B9D308CBFC5}.Debug|x86.Build.0 = Debug|Win32
		{59412534-D8F5-4954-AAC0-9B9D308CBFC5}.Release|x64.ActiveCfg = Release|x64
		{59412534-D8F5-4954-AAC0-9B9D308CBFC5}.Release|x64.Build.0 = Release|x64
		{59412534-D8F5-4954-AAC0-9B9D308CBFC5}.Release|x86.ActiveCfg = Release|Win32
		{59412534-D8F5-4954-AAC0-9B9D308CBFC5}.Release|x86.Build.0 = Release|Win32
		{0DC3F25E-2537-4E65-B605-92243C840F4B}.Debug|x64.ActiveCfg = Debug|x64
		{0DC3F25E-2537-4E65-B605-92243C840F4B}.Debug|x64.Build.0 = Debug|x64
		{0DC3F25E-2537-4E65-B605-92243C840F4B}.Debug|x86.ActiveCfg = Debug|Win32
		{0DC3F25E-2537-4E65-B605-92243C840F4B}.Debug|x86.Build.0 = Debug|Win32
		{0DC3F25E-2537-4E65-B605-92243C840F4B}.Release|x64.ActiveCfg = Release|x64
		{0DC3F25E-2537-4E65-B605-92243C840F4B}.Release|x64.Build.0 = Release|x64
		{0DC3F25E-2537-4E65-B605-92243C840F4B}.Release|x86.ActiveCfg = Release|Win32
		{0DC3F25E-2537-4E65-B605-92243C840F4B}.Release|x86.Build.0 = Release|Win32
		{7FE51573-F00F-4B92-B3AF-D0F9D2CEA9D0}.Debug|x64.ActiveCfg = Debug|x64
		{7FE51573-F00F-4B92-B3AF-D0F9D2CEA9D0}.Debug|x64.Build.0 = Debug|x64
		{7FE51573-F00F-4B92-B3AF-D0F9D2CEA9D0}.Debug|x86.ActiveCfg = Debug|Win32
		{7FE51573-F00F-4B92-B3AF-D0F9D2CEA9D0}.Debug|x86.Build.0 = Debug|Win32
		{7FE51573-F00F-4B92-B3AF-D0F9D2CEA9D0}.Release|x64.ActiveCfg = Release|x64
		{7FE51573-F00F-4B92-B3AF-D0F9D2CEA9D0}.Release|x64.Build.0 = Release|x64
		{7FE51573-F00F-4B92-B3AF-D0F9D2CEA9D0}.Release|x86.ActiveCfg = Release|Win32
		{7FE51573-F00F-4B92-B3AF-D0F9D2CEA9D0}.Release|x86.Build.0 = Release|Win32
		{121DA54C-9B91-4D7B-A241-A2769E71EC67}.Debug|x64.ActiveCfg = Debug|x64
		{121DA54C-9B91-4D7B-A241-A2769E71EC67}.Debug|x64.Build.0 = Debug|x64
		{121DA54C-9B91-4D7B-A241-A2769E71EC67}.Debug|x86.ActiveCfg = Debug|Win32
		{121DA54C-9B91-4D7B-A241-A2769E71EC67}.Debug|x86.Build.0 = Debug|Win32
		{121DA54C-9B91-4D7B-A241-A2769E71EC67}.Release|x64.ActiveCfg = Release|x64
		{121DA54C-9B91-4D7B-A241-A2769E71EC67}.Release|x64.Build.0 = Release|x64
		{121DA54C-9B91-4D7B-A241-A2769E71EC67}.Release|x86.ActiveCfg = Release|Win32
		{121DA54C-9B91-4D7B-A241-A2769E71EC67}.Release|x86.Build.0 = Release|Win32
		{FABE4258-2167-45A0-A5AC-B0DA057F9BED}.Debug|x64.ActiveCfg = Debug|x64
		{FABE4258-2167-45A0-A5AC-B0DA057F9BED}.Debug|x64.Build.0 = Debug|x64
		{FABE4258-2167-45A0-A5AC-B0DA057F9BED}.Debug|x86.ActiveCfg = Debug|Win32
		{FABE4258-2167-45A0-A5AC-B0DA057F9BED}.Debug|x86.Build.0 = Debug|Win32
		{FABE4258-2167-45A0-A5AC-B0DA057F9BED}.Release|x64.ActiveCfg = Release|x64
		{FABE4258-2167-45A0-A5AC-B0DA057F9BED}.Release|x64.Build.0 = Release|x64
		{FABE4258-2167-45A0-A5AC-B0DA057F9BED}.Release|x86.ActiveCfg = Release|Win32
		{FABE4258-2167-45A0-A5AC-B0DA057F9BED}.Release|x86.Build.0 = Release|Win32
		{562F65DC-2A78-4A10-B22E-066CF114CCE9}.Debug|x64.ActiveCfg = Debug|x64
		{562F65DC-2A78-4A10-B22E-066CF114CCE9}.Debug|x64.Build.0 = Debug|x64
		{562F65DC-2A78-4A10-B22E-066CF114CCE9}.Debug|x86.ActiveCfg = Debug|Win32
		{562F65DC-2A78-4A10-B22E-066CF114CCE9}.Debug|x86.Build.0 = Debug|Win32
		{562F65DC-2A78-4A10-B22E-066CF114CCE9}.Release|x64.ActiveCfg = Release|x64
		{562F65DC-2A78-4A10-B22E-066CF114CCE9}.Release|x64.Build.0 = Release|x64
		{562F65DC-2A78-4A10-B22E-066CF114CCE9}.Release|x86.ActiveCfg = Release|Win32
		{562F65DC-2A78-4A10-B22E-066CF114CCE9}.Release|x86.Build.0 = Release|Win32
		{7B1009A1-025B-4A3C-B176-613CF9D2298C}.Debug|x64.ActiveCfg = Debug|x64
		{7B1009A1-025B-4A3C-B176-613CF9D2298C}.Debug|x64.Build.0 = Debug|x64
		{7B1009A1-025B-4A3C-B176-613CF9D2298C}.Debug|x86.ActiveCfg = Debug|Win32
		{7B1009A1-025B-4A3C-B176-613CF9D2298C}.Debug|x86.Build.0 = Debug|Win32
		{7B1009A1-025B-4A3C-B176-613CF9D2298C}.Release|x64.ActiveCfg = Release|x64
		{7B1009A1-025B-4A3C-B176-613CF9D2298C}.Release|x64.Build.0 = Release|x64
		{7B1009A1-025B-4A3C-B176-613CF9D2298C}.Release|x86.ActiveCfg = Release|Win32
		{7B1009A1-025B-4A3C-B176-613CF9D2298C}.Release|x86.Build.0 = Release|Win32
		{297FD2A2-5FA6-474D-9F49-2DDE242583F8}.Debug|x64.ActiveCfg = Debug|x64
		{297FD2A2-5FA6-474D-9F49-2DDE242583F8}.Debug|x64.Build.0 = Debug|x64
		{297FD2A2-5FA6-474D-9F49-2DDE242583F8}.Debug|x86.ActiveCfg = Debug|Win32
		{297FD2A2-5FA6-474D-9F49-2DDE242583F8}.Debug|x86.Build.0 = Debug|Win32
		{297FD2A2-5FA6-474D-9F49-2DDE242583F8}.Release|x64.ActiveCfg = Release|x64
		{297FD2A2-5FA6-474D-9F49-2DDE242583F8}.Release|x64.Build.0 = Release|x64
		{297FD2A2-5FA6-474D-9F49-2DDE242583F8}.Release|x86.ActiveCfg = Release|Win32
		{297FD2A2-5FA6-474D-9F49-2DDE242583F8}.Release|x86.Build.0 = Release|Win32
		{82EFD5A7-9BEE-40F3-8CFF-9253F4439433}.Debug|x64.ActiveCfg = Debug|x64
		{82EFD5A7-9BEE-40F3-8CFF-9253F4439433}.Debug|x64.Build.0 = Debug|x64
		{82EFD5A7-9BEE-40F3-8CFF-9253F4439433}.Debug|x86.ActiveCfg = Debug|Win32
		{82EFD5A7-9BEE-40F3-8CFF-9253F4439433}.Debug|x86.Build.0 = Debug|Win32
		{82EFD5A7-9BEE-40F3-8CFF-9253F4439433}.Release|x64.ActiveCfg = Release|x64
		{82EFD5A7-9BEE-40F3-8CFF-9253F4439433}.Release|x64.Build.0 = Release|x64
		{82EFD5A7-9BEE-40F3-8CFF-9253F4439433}.Release|x86.ActiveCfg = Release|Win32
		{82EFD5A7-9BEE-40F3-8CFF-9253F4439433}.Release|x86.Build.0 = Release|Win32
		{93ABE899-585C-483B-9F1A-55AA1A16597C}.Debug|x64.ActiveCfg = Debug|x64
		{93ABE899-585C-483B-9F1A-55AA1A16597C}.Debug|x64.Build.0 = Debug|x64
		{93ABE899-585C-483B-9F1A-55AA1A16597C}.Debug|x86.ActiveCfg = Debug|Win32
		{93ABE899-585C-483B-9F1A-55AA1A16597C}.Debug|x86.Build.0 = Debug|Win32
		{93ABE899-585C-483B-9F1A-55AA1A16597C}.Release|x64.ActiveCfg = Release|x64
		{93ABE899-585C-483B-9F1A-55AA1A16597C}.Release|x64.Build.0 = Release|x64
		{93ABE899-585C-483B-9F1A-55AA1A16597C}.Release|x86.ActiveCfg = Release|Win32
		{93ABE899-585C-483B-9F1A-55AA1A16597C}.Release|x86.Build.0 = Release|Win32
		{63F1BFC5-AE3B-4550-9076-DA1DE389220E}.Debug|x64.ActiveCfg = Debug|x64
		{63F1BFC5-AE3B-4550-9076-DA1DE389220E}.Debug|x64.Build.0 = Debug|x64
		{63F1BFC5-AE3B-4550-9076-DA1DE389220E}.Debug|x86.ActiveCfg = Debug|Win32
		{63F1BFC5-AE3B-4550-9076-DA1DE389220E}.Debug|x86.Build.0 = Debug|Win32
		{63F1BFC5-AE3B-4550-9076-DA1DE389220E}.Release|x64.ActiveCfg = Release|x64
		{63F1BFC5-AE3B-4550-9076-DA1DE389220E}.Release|x64.Build.0 = Release|x64
		{63F1BFC5-AE3B-4550-9076-DA1DE389220E}.Release|x86.ActiveCfg = Release|Win32
		{63F1BFC5-AE3B-4550-9076-DA1DE389220E}.Release|x86.Build.0 = Release|Win32
		{EA24719E-0C3A-4194-B514-1E26EF86FE35}.Debug|x64.ActiveCfg = Debug|x64
		{EA24719E-0C3A-4194-B514-1E26EF86FE35}.Debug|x64.Build.0 = Debug|x64
		{EA24719E-0C3A-4194-B514-1E26EF86FE35}.Debug|x86.ActiveCfg = Debug|Win32
		{EA24719E-0C3A-4194-B514-1E26EF86FE35}.Debug|x86.Build.0 = Debug|Win32
		{EA24719E-0C3A-4194-B514-1E26EF86FE35}.Release|x64.ActiveCfg = Release|x64
		{EA24719E-0C3A-4194-B514-1E26EF86FE35}.Release|x64.Build.0 = Release|x64
		{EA24719E-0C3A-4194-B514-1E26EF86FE35}.Release|x86.ActiveCfg = Release|Win32
		{EA24719E-0C3A-4194-B514-1E26EF86FE35}.Release|x86.Build.0 = Release|Win32
		{28F1B117-B572-4FA5-B505-44087ADF1ADC}.Debug|x64.ActiveCfg = Debug|x64
		{28F1B117-B572-4FA5-B505-44087ADF1ADC}.Debug|x64.Build.0 = Debug|x64
		{28F1B117-B572-4FA5-B505-44087ADF1ADC}.Debug|x86.ActiveCfg = Debug|Win32
		{28F1B117-B572-4FA5-B505-44087ADF1ADC}.Debug|x86.Build.0 = Debug|Win32
		{28F1B117-B572-4FA5-B505-44087ADF1ADC}.Release|x64.ActiveCfg = Release|x64
		{28F1B117-B572-4FA5-B505-44087ADF1ADC}.Release|x64.Build.0 = Release|x64
		{28F1B117-B572-4FA5-B505-44087ADF1ADC}.Release|x86.ActiveCfg = Release|Win32
		{28F1B117-B572-4FA5-B505-44087ADF1ADC}.Release|x86.Build.0 = Release|Win32
		{54C11F70-02DE-4DA9-BE9D-D68A02250D04}.Debug|x64.ActiveCfg = Debug|x64
		{54C11F70-02DE-4DA9-BE9D-D68A02250D04}.Debug|x64.Build.0 = Debug|x64
		{54C11F70-02DE-4DA9-BE9D-D68A02250D04}.Debug|x86.ActiveCfg = Debug|Win32
		{54C11F70-02DE-4DA9-BE9D-D68A02250D04}.Debug|x86.Build.0 = Debug|Win32
		{54C11F70-02DE-4DA9-BE9D-D68A02250D04}.Release|x64.ActiveCfg = Release|x64
		{54C11F70-02DE-4DA9-BE9D-D68A02250D04}.Release|x64.Build.0 = Release|x64
		{54C11F70-02DE-4DA9-BE9D-D68A02250D04}.Release|x86.ActiveCfg = Release|Win32
		{54C11F70-02DE-4DA9-BE9D-D68A02250D04}.Release|x86.Build.0 = Release|Win32
		{2DCBC690-1803-43BD-AF72-80773862CD41}.Debug|x64.ActiveCfg = Debug|x64
		{2DCBC690-1803-43BD-AF72-80773862CD41}.Debug|x64.Build.0 = Debug|x64
		{2DCBC690-1803-43BD-AF72-80773862CD41}.Debug|x86.ActiveCfg = Debug|Win32
		{2DCBC690-1803-43BD-AF72-80773862CD41}.Debug|x86.Build.0 = Debug|Win32
		{2DCBC690-1803-43BD-AF72-80773862CD41}.Release|x64.ActiveCfg = Release|x64
		{2DCBC690-1803-43BD-AF72-80773862CD41}.Release|x64.Build.0 = Release|x64
		{2DCBC690-1803-43BD-AF72-80773862CD41}.Release|x86.ActiveCfg = Release|Win32
		{2DCBC690-1803-43BD-AF72-80773862CD41}.Release|x86.Build.0 = Release|Win32
		{8A139BEF-FC41-46D9-9441-BCC1292C3B58}.Debug|x64.ActiveCfg = Debug|x64
		{8A139BEF-FC41-46D9-9441-BCC1292C3B58}.Debug|x64.Build.0 = Debug|x64
		{8A139BEF-FC41-46D9-9441-BCC1292C3B58}.Debug|x86.ActiveCfg = Debug|Win32
		{8A139BEF-FC41-46D9-9441-BCC1292C3B58}.Debug|x86.Build.0 = Debug|Win32
		{8A139BEF-FC41-46D9-9441-BCC1292C3B58}.Release|x64.ActiveCfg = Release|x64
		{8A139BEF-FC41-46D9-9441-BCC1292C3B58}.Release|x64.Build.0 = Release|x64
		{8A139BEF-FC41-46D9-9441-BCC1292C3B58}.Release|x86.ActiveCfg = Release|Win32
		{8A139BEF-FC41-46D9-9441-BCC1292C3B58}.Release|x86.Build.0 = Release|Win32
		{12FBCC5A-56AB-4C90-A014-9E2135F1E632}.Debug|x64.ActiveCfg = Debug|x64
		{12FBCC5A-56AB-4C90-A014-9E2135F1E632}.Debug|x64.Build.0 = Debug|x64
		{12FBCC5A-56AB-4C90-A014-9E2135F1E632}.Debug|x86.ActiveCfg = Debug|Win32
		{12FBCC5A-56AB-4C90-A014-9E2135F1E632}.Debug|x86.Build.0 = Debug|Win32
		{12FBCC5A-56AB-4C90-A014-9E2135F1E632}.Release|x64.ActiveCfg = Release|x64
		{12FBCC5A-56AB-4C90-A014-9E2135F1E632}.Release|x64.Build.0 = Release|x64
		{12FBCC5A-56AB-4C90-A014-9E2135F1E632}.Release|x86.ActiveCfg = Release|Win32
		{12FBCC5A-56AB-4C90-A014-9E2135F1E632}.Release|x86.Build.0 = Release|Win32
		{8F88F230-AC6D-4401-B6CB-A4E9C8FAC89E}.Debug|x64.ActiveCfg = Debug|x64
		{8F88F230-AC6D-4401-B6CB-A4E9C8FAC89E}.Debug|x64.Build.0 = Debug|x64
		{8F88F230-AC6D-4401-B6CB-A4E9C8FAC89E}.Debug|x86.ActiveCfg = Debug|Win32
		{8F88F230-AC6D-4401-B6CB-A4E9C8FAC89E}.Debug|x86.Build.0 = Debug|Win32
		{8F88F230-AC6D-4401-B6CB-A4E9C8FAC89E}.Release|x64.ActiveCfg = Release|x64
		{8F88F230-AC6D-4401-B6CB-A4E9C8FAC89E}.Release|x64.Build.0 = Release|x64
		{8F88F230-AC6D-4401-B6CB-A4E9C8FAC89E}.Release|x86.ActiveCfg = Release|Win32
		{8F88F230-AC6D-4401-B6CB-A4E9C8FAC89E}.Release|x86.Build.0 = Release|Win32
		{F3443A0B-CD2E-46D2-8DD7-3BA0D195C1F2}.Debug|x64.ActiveCfg = Debug|x64
		{F3443A0B-CD2E-46D2-8DD7-3BA0D195C1F2}.Debug|x64.Build.0 = Debug|x64
		{F3443A0B-CD2E-46D2-8DD7-3BA0D195C1F2}.Debug|x86.ActiveCfg = Debug|Win32
		{F3443A0B-CD2E-46D2-8DD7-3BA0D195C1F2}.Debug|x86.Build.0 = Debug|Win32
		{F3443A0B-CD2E-46D2-8DD7-3BA0D195C1F2}.Release|x64.ActiveCfg = Release|x64
		{F3443A0B-CD2E-46D2-8DD7-3BA0D195C1F2}.Release|x64.Build.0 = Release|x64
		{F3443A0B-CD2E-46D2-8DD7-3BA0D195C1F2}.Release|x86.ActiveCfg = Release|Win32
		{F3443A0B-CD2E-46D2-8DD7-3BA0D195C1F2}.Release|x86.Build.0 = Release|Win32
		{C2110D4E-05C4-4654-AE03-8649CCA0E7BA}.Debug|x64.ActiveCfg = Debug|x64
		{C2110D4E-05C4-4654-AE03-8649CCA0E7BA}.Debug|x64.Build.0 = Debug|x64
		{C2110D4E-05C4-4654-AE03-8649CCA0E7BA}.Debug|x86.ActiveCfg = Debug|Win32
		{C2110D4E-05C4-4654-AE03-8649CCA0E7BA}.Debug|x86.Build.0 = Debug|Win32
		{C2110D4E-05C4-4654-AE03-8649CCA0E7BA}.Release|x64.ActiveCfg = Release|x64
		{C2110D4E-05C4-4654-AE03-8649CCA0E7BA}.Release|x64.Build.0 = Release|x64
		{C2110D4E-05C4-4654-AE03-8649CCA0E7BA}.Release|x86.ActiveCfg = Release|Win32
		{C2110D4E-05C4-4654-AE03-8649CCA0E7BA}.Release|x86.Build.0 = Release|Win32
		{03F5E195-8C84-4513-89D1-EAB4D7EF7F0A}.Debug|x64.ActiveCfg = Debug|x64
		{03F5E195-8C84-4513-89D1-EAB4D7EF7F0A}.Debug|x64.Build.0 = Debug|x64
		{03F5E195-8C84-4513-89D1-EAB4D7EF7F0A}.Debug|x86.ActiveCfg = Debug|Win32
		{03F5E195-8C84-4513-89D1-EAB4D7EF7F0A}.Debug|x86.Build.0 = Debug|Win32
		{03F5E195-8C84-4513-89D1-EAB4D7EF7F0A}.Release|x64.ActiveCfg = Release|x64
		{03F5E195-8C84-4513-89D1-EAB4D7EF7F0A}.Release|x64.Build.0 = Release|x64
		{03F5E195-8C84-4513-89D1-EAB4D7EF7F0A}.Release|x86.ActiveCfg = Release|Win32
		{03F5E195-8C84-4513-89D1-EAB4D7EF7F0A}.Release|x86.Build.0 = Release|Win32
		{E0F30A75-BFB3-4547-8A75-094B49106D87}.Debug|x64.ActiveCfg = Debug|x64
		{E0F30A75-BFB3-4547-8A75-094B49106D87}.Debug|x64.Build.0 = Debug|x64
		{E0F30A75-BFB3-4547-8A75-094B49106D87}.Debug|x86.ActiveCfg = Debug|Win32
		{E0F30A75-BFB3-4547-8A75-094B49106D87}.Debug|x86.Build.0 = Debug|Win32
		{E0F30A75-BFB3-4547-8A75-094B49106D87}.Release|x64.ActiveCfg = Release|x64
		{E0F30A75-BFB3-4547-8A75-094B49106D87}.Release|x64.Build.0 = Release|x64
		{E0F30A75-BFB3-4547-8A75-094B49106D87}.Release|x86.ActiveCfg = Release|Win32
		{E0F30A75-BFB3-4547-8A75-094B49106D87}.Release|x86.Build.0 = Release|Win32
		{02F23428-0916-48BC-81C9-007AF33AD91A}.Debug|x64.ActiveCfg = Debug|x64
		{02F23428-0916-48BC-81C9-007AF33AD91A}.Debug|x64.Build.0 = Debug|x64
		{02F23428-0916-48BC-81C9-007AF33AD91A}.Debug|x86.ActiveCfg = Debug|Win32
		{02F23428-0916-48BC-81C9-007AF33AD91A}.Debug|x86.Build.0 = Debug|Win32
		{02F23428-0916-48BC-81C9-007AF33AD91A}.Release|x64.ActiveCfg = Release|x64
		{02F23428-0916-48BC-81C9-007AF33AD91A}.Release|x64.Build.0 = Release|x64
		{02F23428-0916-48BC-81C9-007AF33AD91A}.Release|x86.ActiveCfg = Release|Win32
		{02F23428-0916-48BC-81C9-007AF33AD91A}.Release|x86.Build.0 = Release|Win32
		{D3247415-A521-4B7A-86B9-20A93FFA6058}.Debug|x64.ActiveCfg = Debug|x64
		{D3247415-A521-4B7A-86B9-20A93FFA6058}.Debug|x64.Build.0 = Debug|x64
		{D3247415-A521-4B7A-86B9-20A93FFA6058}.Debug|x86.ActiveCfg = Debug|Win32
		{D3247415-A521-4B7A-86B9-20A93FFA6058}.Debug|x86.Build.0 = Debug|Win32
		{D3247415-A521-4B7A-86B9-20A93FFA6058}.Release|x64.ActiveCfg = Release|x64
		{D3247415-A521-4B7A-86B9-20A93FFA6058}.Release|x64.Build.0 = Release|x64
		{D3247415-A521-4B7A-86B9-20A93FFA6058}.Release|x86.ActiveCfg = Release|Win32
		{D3247415-A521-4B7A-86B9-20A93FFA6058}.Release|x86.Build.0 = Release|Win32
		{6D9AF799-4B9D-411F-A26B-A2A499A35F04}.Debug|x64.ActiveCfg = Debug|x64
		{6D9AF799-4B9D-411F-A26B-A2A499A35F04}.Debug|x64.Build.0 = Debug|x64
		{6D9AF799-4B9D-411F-A26B-A2A499A35F04}.Debug|x86.ActiveCfg = Debug|Win32
		{6D9AF799-4B9D-411F-A26B-A2A499A35F04}.Debug|x86.Build.0 = Debug|Win32
		{6D9AF799-4B9D-411F-A26B-A2A499A35F04}.Release|x64.ActiveCfg = Release|x64
		{6D9AF799-4B9D-411F-A26B-A2A499A35F04}.Release|x64.Build.0 = Release|x64
		{6D9AF799-4B9D-411F-A26B-A2A499A35F04}.Release|x86.ActiveCfg = Release|Win32
		{6D9AF799-4B9D-411F-A26B-A2A499A35F04}.Release|x86.Build.0 = Release|Win32
		{C88E16E7-B7D9-4A33-913A-C4C4B7A5FC27}.Debug|x64.ActiveCfg = Debug|x64
		{C88E16E7-B7D9-4A33-913A-C4C4B7A5FC27}.Debug|x64.Build.0 = Debug|x64
		{C88E16E7-B7D9-4A33-913A-C4C4B7A5FC27}.Debug|x86.ActiveCfg = Debug|Win32
		{C88E16E7-B7D9-4A33-913A-C4C4B7A5FC27}.Debug|x86.Build.0 = Debug|Win32
		{C88E16E7-B7D9-4A33-913A-C4C4B7A5FC27}.Release|x64.ActiveCfg = Release|x64
		{C88E16E7-B7D9-4A33-913A-C4C4B7A5FC27}.Release|x64.Build.0 = Release|x64
		{C88E16E7-B7D9-4A33-913A-C4C4B7A5FC27}.Release|x86.ActiveCfg = Release|Win32
		{C88E16E7-B7D9-4A33-913A-C4C4B7A5FC27}.Release|x86.Build.0 = Release|Win32
		{61D46370-BE58-4B07-9FCE-871BB8D710C8}.Debug|x64.ActiveCfg = Debug|x64
		{61D46370-BE58-4B07-9FCE-871BB8D710C8}.Debug|x64.Build.0 = Debug|x64
		{61D46370-BE58-4B07-9FCE-871BB8D710C8}.Debug|x86.ActiveCfg = Debug|Win32
		{61D46370-BE58-4B07-9FCE-871BB8D710C8}.Debug|x86.Build.0 = Debug|Win32
		{61D46370-BE58-4B07-9FCE-871BB8D710C8}.Release|x64.ActiveCfg = Release|x64
		{61D46370-BE58-4B07-9FCE-871BB8D710C8}.Release|x64.Build.0 = Release|x64
		{61D46370-BE58-4B07-9FCE-871BB8D710C8}.Release|x86.ActiveCfg = Release|Win32
		{61D46370-BE58-4B07-9FCE-871BB8D710C8}.Release|x86.Build.0 = Release|Win32
		{5C2AA3B8-C275-4927-8DF6-2F57BDF32067}.Debug|x64.ActiveCfg = Debug|x64
		{5C2AA3B8-C275-4927-8DF6-2F57BDF32067}.Debug|x64.Build.0 = Debug|x64
		{5C2AA3B8-C275-4927-8DF6-2F57BDF32067}.Debug|x86.ActiveCfg = Debug|Win32
		{5C2AA3B8-C275-4927-8DF6-2F57BDF32067}.Debug|x86.Build.0 = Debug|Win32
		{5C2AA3B8-C275-4927-8DF6-2F57BDF32067}.Release|x64.ActiveCfg = Release|x64
		{5C2AA3B8-C275-4927-8DF6-2F57BDF32067}.Release|x64.Build.0 = Release|x64
		{5C2AA3B8-C275-4927-8DF6-2F57BDF32067}.Release|x86.ActiveCfg = Release|Win32
		{5C2AA3B8-C275-4927-8DF6-2F57BDF32067}.Release|x86.Build.0 = Release|Win32
		{D9A2A71B-28C0-42F4-A98F-7CF12D7CAEEE}.Debug|x64.ActiveCfg = Debug|x64
		{D9A2A71B-28C0-42F4-A98F-7CF12D7CAEEE}.Debug|x64.Build.0 = Debug|x64
		{D9A2A71B-28C0-42F4-A98F-7CF12D7CAEEE}.Debug|x86.ActiveCfg = Debug|Win32
		{D9A2A71B-28C0-42F4-A98F-7CF12D7CAEEE}.Debug|x86.Build.0 = Debug|Win32
		{D9A2A71B-28C0-42F4-A98F-7CF12D7CAEEE}.Release|x64.ActiveCfg = Release|x64
		{D9A2A71B-28C0-42F4-A98F-7CF12D7CAEEE}.Release|x64.Build.0 = Release|x64
		{D9A2A71B-28C0-42F4-A98F-7CF12D7CAEEE}.Release|x86.ActiveCfg = Release|Win32
		{D9A2A71B-28C0-42F4-A98F-7CF12D7CAEEE}.Release|x86.Build.0 = Release|Win32
		{B2C987DA-219C-473B-A601-1A2F7544DB50}.Debug|x64.ActiveCfg = Debug|x64
		{B2C987DA-219C-473B-A601-1A2F7544DB50}.Debug|x64.Build.0 = Debug|x64
		{B2C987DA-219C-473B-A601-1A2F7544DB50}.Debug|x86.ActiveCfg = Debug|Win32
		{B2C987DA-219C-473B-A601-1A2F7544DB50}.Debug|x86.Build.0 = Debug|Win32
		{B2C987DA-219C-473B-A601-1A2F7544DB50}.Release|x64.ActiveCfg = Release|x64
		{B2C987DA-219C-473B-A601-1A2F7544DB50}.Release|x64.Build.0 = Release|x64
		{B2C987DA-219C-473B-A601-1A2F7544DB50}.Release|x86.ActiveCfg = Release|Win32
		{B2C987DA-219C-473B-A601-1A2F7544DB50}.Release|x86.Build.0 = Release|Win32
		{A51B33BA-0A96-4262-BE00-9BBEFE489352}.Debug|x64.ActiveCfg = Debug|x64
		{A51B33BA-0A96-4262-BE00-9BBEFE489352}.Debug|x64.Build.0 = Debug|x64
		{A51B33BA-0A96-4262-BE00-9BBEFE489352}.Debug|x86.ActiveCfg = Debug|Win32
		{A51B33BA-0A96-4262-BE00-9BBEFE489352}.Debug|x86.Build.0 = Debug|Win32
		{A51B33BA-0A96-4262-BE00-9BBEFE489352}.Release|x64.ActiveCfg = Release|x64
		{A51B33BA-0A96-4262-BE00-9BBEFE489352}.Release|x64.Build.0 = Release|x64
		{A51B33BA-0A96-4262-BE00-9BBEFE489352}.Release|x86.ActiveCfg = Release|Win32
		{A51B33BA-0A96-4262-BE00-9BBEFE489352}.Release|x86.Build.0 = Release|Win32
		{B3D2033B-AC1A-471B-B17D-4364C2292AEF}.Debug|x64.ActiveCfg = Debug|x64
		{B3D2033B-AC1A-471B-B17D-4364C2292AEF}.Debug|x64.Build.0 = Debug|x64
		{B3D2033B-AC1A-471B-B17D-4364C2292AEF}.Debug|x86.ActiveCfg = Debug|Win32
		{B3D2033B-AC1A-471B-B17D-4364C2292AEF}.Debug|x86.Build.0 = Debug|Win32
		{B3D2033B-AC1A-471B-B17D-4364C2292AEF}.Release|x64.ActiveCfg = Release|x64
		{B3D2033B-AC1A-471B-B17D-4364C2292AEF}.Release|x64.Build.0 = Release|x64
		{B3D2033B-AC1A-471B-B17D-4364C2292AEF}.Release|x86.ActiveCfg = Release|Win32
		{B3D2033B-AC1A-471B-B17D-4364C2292AEF}.Release|x86.Build.0 = Release|Win32
		{E57D7091-EAEE-49CE-8A0A-66E2580E4942}.Debug|x64.ActiveCfg = Debug|x64
		{E57D7091-EAEE-49CE-8A0A-66E2580E4942}.Debug|x64.Build.0 = Debug|x64
		{E57D7091-EAEE-49CE-8A0A-66E2580E4942}.Debug|x86.ActiveCfg = Debug|Win32
		{E57D7091-EAEE-49CE-8A0A-66E2580E4942}.Debug|x86.Build.0 = Debug|Win32
		{E57D7091-EAEE-49CE-8A0A-66E2580E4942}.Release|x64.ActiveCfg = Release|x64
		{E57D7091-EAEE-49CE-8A0A-66E2580E4942}.Release|x64.Build.0 = Release|x64
		{E57D7091-EAEE-49CE-8A0A-66E2580E4942}.Release|x86.ActiveCfg = Release|Win32
		{E57D7091-EAEE-49CE-8A0A-66E2580E4942}.Release|x86.Build.0 = Release|Win32
		{1F8D6A12-4E5C-4842-978B-7A4A267D4487}.Debug|x64.ActiveCfg = Debug|x64
		{1F8D6A12-4E5C-4842-978B-7A4A267D4487}.Debug|x64.Build.0 = Debug|x64
		{1F8D6A12-4E5C-4842-978B-7A4A267D4487}.Debug|x86.ActiveCfg = Debug|Win32
		{1F8D6A12-4E5C-4842-978B-7A4A267D4487}.Debug|x86.Build.0 = Debug|Win32
		{1F8D6A12-4E5C-4842-978B-7A4A267D4487}.Release|x64.ActiveCfg = Release|x64
		{1F8D6A12-4E5C-4842-978B-7A4A267D4487}.Release|x64.Build.0 = Release|x64
		{1F8D6A12-4E5C-4842-978B-7A4A267D4487}.Release|x86.ActiveCfg = Release|Win32
		{1F8D6A12-4E5C-4842-978B-7A4A267D4487}.Release|x86.Build.0 = Release|Win32
		{2442A126-27FA-46F1-A966-C2235A8EE81D}.Debug|x64.ActiveCfg = Debug|x64
		{2442A126-27FA-46F1-A966-C2235A8EE81D}.Debug|x64.Build.0 = Debug|x64
		{2442A126-27FA-46F1-A966-C2235A8EE81D}.Debug|x86.ActiveCfg = Debug|Win32
		{2442A126-27FA-46F1-A966-C2235A8EE81D}.Debug|x86.Build.0 = Debug|Win32
		{2442A126-27FA-46F1-A966-C2235A8EE81D}.Release|x64.ActiveCfg = Release|x64
		{2442A126-27FA-46F1-A966-C2235A8EE81D}.Release|x64.Build.0 = Release|x64
		{2442A126-27FA-46F1-A966-C2235A8EE81D}.Release|x86.ActiveCfg = Release|Win32
		{2442A126-27FA-46F1-A966-C2235A8EE81D}.Release|x86.Build.0 = Release|Win32
		{D80FF880-FE53-423C-9971-FF379A7CA7BC}.Debug|x64.ActiveCfg = Debug|x64
		{D80FF880-FE53-423C-9971-FF379A7CA7BC}.Debug|x64.Build.0 = Debug|x64
		{D80FF880-FE53-423C-9971-FF379A7CA7BC}.Debug|x86.ActiveCfg = Debug|Win32
		{D80FF880-FE53-423C-9971-FF379A7CA7BC}.Debug|x86.Build.0 = Debug|Win32
		{D80FF880-FE53-423C-9971-FF379A7CA7BC}.Release|x64.ActiveCfg = Release|x64
		{D80FF880-FE53-423C-9971-FF379A7CA7BC}.Release|x64.Build.0 = Release|x64
		{D80FF880-FE53-423C-9971-FF379A7CA7BC}.Release|x86.ActiveCfg = Release|Win32
		{D80FF880-FE53-423C-9971-FF379A7CA7BC}.Release|x86.Build.0 = Release|Win32
	EndGlobalSection
	GlobalSection(SolutionProperties) = preSolution
		HideSolutionNode = FALSE
	EndGlobalSection
	GlobalSection(ExtensibilityGlobals) = postSolution
		SolutionGuid = {C9922243-F30D-48E0-AD98-FEB6614F5382}
	EndGlobalSection
EndGlobal
