
Microsoft Visual Studio Solution File, Format Version 12.00
# Visual Studio Version 17
VisualStudioVersion = 17.11.35208.52
MinimumVisualStudioVersion = 10.0.40219.1
Project("{8BC9CEB8-8B4A-11D0-8D11-00A0C91BC942}") = "1_Hallo_world", "1_Hallo_world\1_Hallo_world.vcxproj", "{DF6C1871-AAE6-4940-BF2A-B7DA5E74E4C3}"
EndProject
Project("{8BC9CEB8-8B4A-11D0-8D11-00A0C91BC942}") = "4_for", "4_for\4_for.vcxproj", "{4A13E9EA-CEDD-40D3-BCE8-39B566D37009}"
EndProject
Project("{8BC9CEB8-8B4A-11D0-8D11-00A0C91BC942}") = "3_if", "3_if\3_if.vcxproj", "{F4A8D46D-7081-4BE5-AE9F-4A4F7B9ACA96}"
EndProject
Project("{8BC9CEB8-8B4A-11D0-8D11-00A0C91BC942}") = "5_while", "5_while\5_while.vcxproj", "{B7C9F622-5EF4-45DF-9AF7-9C6765188E06}"
EndProject
Project("{8BC9CEB8-8B4A-11D0-8D11-00A0C91BC942}") = "2_number", "2_number\2_number.vcxproj", "{58540654-5DA4-4E97-AA20-BF7C5F1E46D3}"
EndProject
Project("{8BC9CEB8-8B4A-11D0-8D11-00A0C91BC942}") = "6_printf_format_1", "6_printf_format_1\6_printf_format_1.vcxproj", "{7F0F9BA4-1FC5-4802-A5EC-E54DD021F214}"
EndProject
Project("{8BC9CEB8-8B4A-11D0-8D11-00A0C91BC942}") = "7_define_1", "7_define_1\7_define_1.vcxproj", "{FCF3E2EA-E798-4BD1-A5E7-C9C7BE5816E7}"
EndProject
Project("{8BC9CEB8-8B4A-11D0-8D11-00A0C91BC942}") = "7_define_2", "7_define_2\7_define_2.vcxproj", "{EFBF68CE-709C-4F6F-83A8-CA9A34813B17}"
EndProject
Global
	GlobalSection(SolutionConfigurationPlatforms) = preSolution
		Debug|x64 = Debug|x64
		Debug|x86 = Debug|x86
		Release|x64 = Release|x64
		Release|x86 = Release|x86
	EndGlobalSection
	GlobalSection(ProjectConfigurationPlatforms) = postSolution
		{DF6C1871-AAE6-4940-BF2A-B7DA5E74E4C3}.Debug|x64.ActiveCfg = Debug|x64
		{DF6C1871-AAE6-4940-BF2A-B7DA5E74E4C3}.Debug|x64.Build.0 = Debug|x64
		{DF6C1871-AAE6-4940-BF2A-B7DA5E74E4C3}.Debug|x86.ActiveCfg = Debug|Win32
		{DF6C1871-AAE6-4940-BF2A-B7DA5E74E4C3}.Debug|x86.Build.0 = Debug|Win32
		{DF6C1871-AAE6-4940-BF2A-B7DA5E74E4C3}.Release|x64.ActiveCfg = Release|x64
		{DF6C1871-AAE6-4940-BF2A-B7DA5E74E4C3}.Release|x64.Build.0 = Release|x64
		{DF6C1871-AAE6-4940-BF2A-B7DA5E74E4C3}.Release|x86.ActiveCfg = Release|Win32
		{DF6C1871-AAE6-4940-BF2A-B7DA5E74E4C3}.Release|x86.Build.0 = Release|Win32
		{4A13E9EA-CEDD-40D3-BCE8-39B566D37009}.Debug|x64.ActiveCfg = Debug|x64
		{4A13E9EA-CEDD-40D3-BCE8-39B566D37009}.Debug|x64.Build.0 = Debug|x64
		{4A13E9EA-CEDD-40D3-BCE8-39B566D37009}.Debug|x86.ActiveCfg = Debug|Win32
		{4A13E9EA-CEDD-40D3-BCE8-39B566D37009}.Debug|x86.Build.0 = Debug|Win32
		{4A13E9EA-CEDD-40D3-BCE8-39B566D37009}.Release|x64.ActiveCfg = Release|x64
		{4A13E9EA-CEDD-40D3-BCE8-39B566D37009}.Release|x64.Build.0 = Release|x64
		{4A13E9EA-CEDD-40D3-BCE8-39B566D37009}.Release|x86.ActiveCfg = Release|Win32
		{4A13E9EA-CEDD-40D3-BCE8-39B566D37009}.Release|x86.Build.0 = Release|Win32
		{F4A8D46D-7081-4BE5-AE9F-4A4F7B9ACA96}.Debug|x64.ActiveCfg = Debug|x64
		{F4A8D46D-7081-4BE5-AE9F-4A4F7B9ACA96}.Debug|x64.Build.0 = Debug|x64
		{F4A8D46D-7081-4BE5-AE9F-4A4F7B9ACA96}.Debug|x86.ActiveCfg = Debug|Win32
		{F4A8D46D-7081-4BE5-AE9F-4A4F7B9ACA96}.Debug|x86.Build.0 = Debug|Win32
		{F4A8D46D-7081-4BE5-AE9F-4A4F7B9ACA96}.Release|x64.ActiveCfg = Release|x64
		{F4A8D46D-7081-4BE5-AE9F-4A4F7B9ACA96}.Release|x64.Build.0 = Release|x64
		{F4A8D46D-7081-4BE5-AE9F-4A4F7B9ACA96}.Release|x86.ActiveCfg = Release|Win32
		{F4A8D46D-7081-4BE5-AE9F-4A4F7B9ACA96}.Release|x86.Build.0 = Release|Win32
		{B7C9F622-5EF4-45DF-9AF7-9C6765188E06}.Debug|x64.ActiveCfg = Debug|x64
		{B7C9F622-5EF4-45DF-9AF7-9C6765188E06}.Debug|x64.Build.0 = Debug|x64
		{B7C9F622-5EF4-45DF-9AF7-9C6765188E06}.Debug|x86.ActiveCfg = Debug|Win32
		{B7C9F622-5EF4-45DF-9AF7-9C6765188E06}.Debug|x86.Build.0 = Debug|Win32
		{B7C9F622-5EF4-45DF-9AF7-9C6765188E06}.Release|x64.ActiveCfg = Release|x64
		{B7C9F622-5EF4-45DF-9AF7-9C6765188E06}.Release|x64.Build.0 = Release|x64
		{B7C9F622-5EF4-45DF-9AF7-9C6765188E06}.Release|x86.ActiveCfg = Release|Win32
		{B7C9F622-5EF4-45DF-9AF7-9C6765188E06}.Release|x86.Build.0 = Release|Win32
		{58540654-5DA4-4E97-AA20-BF7C5F1E46D3}.Debug|x64.ActiveCfg = Debug|x64
		{58540654-5DA4-4E97-AA20-BF7C5F1E46D3}.Debug|x64.Build.0 = Debug|x64
		{58540654-5DA4-4E97-AA20-BF7C5F1E46D3}.Debug|x86.ActiveCfg = Debug|Win32
		{58540654-5DA4-4E97-AA20-BF7C5F1E46D3}.Debug|x86.Build.0 = Debug|Win32
		{58540654-5DA4-4E97-AA20-BF7C5F1E46D3}.Release|x64.ActiveCfg = Release|x64
		{58540654-5DA4-4E97-AA20-BF7C5F1E46D3}.Release|x64.Build.0 = Release|x64
		{58540654-5DA4-4E97-AA20-BF7C5F1E46D3}.Release|x86.ActiveCfg = Release|Win32
		{58540654-5DA4-4E97-AA20-BF7C5F1E46D3}.Release|x86.Build.0 = Release|Win32
		{7F0F9BA4-1FC5-4802-A5EC-E54DD021F214}.Debug|x64.ActiveCfg = Debug|x64
		{7F0F9BA4-1FC5-4802-A5EC-E54DD021F214}.Debug|x64.Build.0 = Debug|x64
		{7F0F9BA4-1FC5-4802-A5EC-E54DD021F214}.Debug|x86.ActiveCfg = Debug|Win32
		{7F0F9BA4-1FC5-4802-A5EC-E54DD021F214}.Debug|x86.Build.0 = Debug|Win32
		{7F0F9BA4-1FC5-4802-A5EC-E54DD021F214}.Release|x64.ActiveCfg = Release|x64
		{7F0F9BA4-1FC5-4802-A5EC-E54DD021F214}.Release|x64.Build.0 = Release|x64
		{7F0F9BA4-1FC5-4802-A5EC-E54DD021F214}.Release|x86.ActiveCfg = Release|Win32
		{7F0F9BA4-1FC5-4802-A5EC-E54DD021F214}.Release|x86.Build.0 = Release|Win32
		{FCF3E2EA-E798-4BD1-A5E7-C9C7BE5816E7}.Debug|x64.ActiveCfg = Debug|x64
		{FCF3E2EA-E798-4BD1-A5E7-C9C7BE5816E7}.Debug|x64.Build.0 = Debug|x64
		{FCF3E2EA-E798-4BD1-A5E7-C9C7BE5816E7}.Debug|x86.ActiveCfg = Debug|Win32
		{FCF3E2EA-E798-4BD1-A5E7-C9C7BE5816E7}.Debug|x86.Build.0 = Debug|Win32
		{FCF3E2EA-E798-4BD1-A5E7-C9C7BE5816E7}.Release|x64.ActiveCfg = Release|x64
		{FCF3E2EA-E798-4BD1-A5E7-C9C7BE5816E7}.Release|x64.Build.0 = Release|x64
		{FCF3E2EA-E798-4BD1-A5E7-C9C7BE5816E7}.Release|x86.ActiveCfg = Release|Win32
		{FCF3E2EA-E798-4BD1-A5E7-C9C7BE5816E7}.Release|x86.Build.0 = Release|Win32
		{EFBF68CE-709C-4F6F-83A8-CA9A34813B17}.Debug|x64.ActiveCfg = Debug|x64
		{EFBF68CE-709C-4F6F-83A8-CA9A34813B17}.Debug|x64.Build.0 = Debug|x64
		{EFBF68CE-709C-4F6F-83A8-CA9A34813B17}.Debug|x86.ActiveCfg = Debug|Win32
		{EFBF68CE-709C-4F6F-83A8-CA9A34813B17}.Debug|x86.Build.0 = Debug|Win32
		{EFBF68CE-709C-4F6F-83A8-CA9A34813B17}.Release|x64.ActiveCfg = Release|x64
		{EFBF68CE-709C-4F6F-83A8-CA9A34813B17}.Release|x64.Build.0 = Release|x64
		{EFBF68CE-709C-4F6F-83A8-CA9A34813B17}.Release|x86.ActiveCfg = Release|Win32
		{EFBF68CE-709C-4F6F-83A8-CA9A34813B17}.Release|x86.Build.0 = Release|Win32
	EndGlobalSection
	GlobalSection(SolutionProperties) = preSolution
		HideSolutionNode = FALSE
	EndGlobalSection
	GlobalSection(ExtensibilityGlobals) = postSolution
		SolutionGuid = {C9922243-F30D-48E0-AD98-FEB6614F5382}
	EndGlobalSection
EndGlobal
